
Microsoft Visual Studio Solution File, Format Version 12.00
# Visual Studio Version 17
VisualStudioVersion = 17.14.36429.23
MinimumVisualStudioVersion = 10.0.40219.1
Project("{FAE04EC0-301F-11D3-BF4B-00C04F79EFBC}") = "WebAppExperimental26", "WebAppExperimental26\WebAppExperimental26.csproj", "{85BB73D9-0531-4C5E-9A91-17EED0C6D8CA}"
EndProject
Project("{2150E333-8FDC-42A3-9474-1A3956D46DE8}") = "libs", "libs", "{6C4D298B-81FB-2B6B-5AB6-46205EDDC72C}"
EndProject
Project("{2150E333-8FDC-42A3-9474-1A3956D46DE8}") = "red-rfid-aclj-project01SEP2025C", "red-rfid-aclj-project01SEP2025C", "{68A54FA4-3C04-9415-062D-AD51BBB8A93C}"
EndProject
Project("{2150E333-8FDC-42A3-9474-1A3956D46DE8}") = "REDRFID", "REDRFID", "{79120EEE-0173-0DDB-4104-30360D423244}"
EndProject
Project("{FAE04EC0-301F-11D3-BF4B-00C04F79EFBC}") = "REDRFID", "libs\red-rfid-aclj-project01SEP2025C\REDRFID\REDRFID\REDRFID.csproj", "{5B4098B1-0D79-490D-AFD9-78BB417814C0}"
EndProject
Project("{FAE04EC0-301F-11D3-BF4B-00C04F79EFBC}") = "WebAppExperimental26.Tests", "WebAppExperimental26.Tests\WebAppExperimental26.Tests.csproj", "{6E9DBA12-22DE-46E8-A98D-E74E62E54BAF}"
EndProject
Global
	GlobalSection(SolutionConfigurationPlatforms) = preSolution
		Debug|Any CPU = Debug|Any CPU
		Debug|x64 = Debug|x64
		Debug|x86 = Debug|x86
		Release|Any CPU = Release|Any CPU
		Release|x64 = Release|x64
		Release|x86 = Release|x86
	EndGlobalSection
	GlobalSection(ProjectConfigurationPlatforms) = postSolution
		{85BB73D9-0531-4C5E-9A91-17EED0C6D8CA}.Debug|Any CPU.ActiveCfg = Debug|Any CPU
		{85BB73D9-0531-4C5E-9A91-17EED0C6D8CA}.Debug|Any CPU.Build.0 = Debug|Any CPU
		{85BB73D9-0531-4C5E-9A91-17EED0C6D8CA}.Debug|x64.ActiveCfg = Debug|Any CPU
		{85BB73D9-0531-4C5E-9A91-17EED0C6D8CA}.Debug|x64.Build.0 = Debug|Any CPU
		{85BB73D9-0531-4C5E-9A91-17EED0C6D8CA}.Debug|x86.ActiveCfg = Debug|Any CPU
		{85BB73D9-0531-4C5E-9A91-17EED0C6D8CA}.Debug|x86.Build.0 = Debug|Any CPU
		{85BB73D9-0531-4C5E-9A91-17EED0C6D8CA}.Release|Any CPU.ActiveCfg = Release|Any CPU
		{85BB73D9-0531-4C5E-9A91-17EED0C6D8CA}.Release|Any CPU.Build.0 = Release|Any CPU
		{85BB73D9-0531-4C5E-9A91-17EED0C6D8CA}.Release|x64.ActiveCfg = Release|Any CPU
		{85BB73D9-0531-4C5E-9A91-17EED0C6D8CA}.Release|x64.Build.0 = Release|Any CPU
		{85BB73D9-0531-4C5E-9A91-17EED0C6D8CA}.Release|x86.ActiveCfg = Release|Any CPU
		{85BB73D9-0531-4C5E-9A91-17EED0C6D8CA}.Release|x86.Build.0 = Release|Any CPU
		{5B4098B1-0D79-490D-AFD9-78BB417814C0}.Debug|Any CPU.ActiveCfg = Debug|Any CPU
		{5B4098B1-0D79-490D-AFD9-78BB417814C0}.Debug|Any CPU.Build.0 = Debug|Any CPU
		{5B4098B1-0D79-490D-AFD9-78BB417814C0}.Debug|x64.ActiveCfg = Debug|Any CPU
		{5B4098B1-0D79-490D-AFD9-78BB417814C0}.Debug|x64.Build.0 = Debug|Any CPU
		{5B4098B1-0D79-490D-AFD9-78BB417814C0}.Debug|x86.ActiveCfg = Debug|Any CPU
		{5B4098B1-0D79-490D-AFD9-78BB417814C0}.Debug|x86.Build.0 = Debug|Any CPU
		{5B4098B1-0D79-490D-AFD9-78BB417814C0}.Release|Any CPU.ActiveCfg = Release|Any CPU
		{5B4098B1-0D79-490D-AFD9-78BB417814C0}.Release|Any CPU.Build.0 = Release|Any CPU
		{5B4098B1-0D79-490D-AFD9-78BB417814C0}.Release|x64.ActiveCfg = Release|Any CPU
		{5B4098B1-0D79-490D-AFD9-78BB417814C0}.Release|x64.Build.0 = Release|Any CPU
		{5B4098B1-0D79-490D-AFD9-78BB417814C0}.Release|x86.ActiveCfg = Release|Any CPU
		{5B4098B1-0D79-490D-AFD9-78BB417814C0}.Release|x86.Build.0 = Release|Any CPU
		{6E9DBA12-22DE-46E8-A98D-E74E62E54BAF}.Debug|Any CPU.ActiveCfg = Debug|Any CPU
		{6E9DBA12-22DE-46E8-A98D-E74E62E54BAF}.Debug|Any CPU.Build.0 = Debug|Any CPU
		{6E9DBA12-22DE-46E8-A98D-E74E62E54BAF}.Debug|x64.ActiveCfg = Debug|Any CPU
		{6E9DBA12-22DE-46E8-A98D-E74E62E54BAF}.Debug|x64.Build.0 = Debug|Any CPU
		{6E9DBA12-22DE-46E8-A98D-E74E62E54BAF}.Debug|x86.ActiveCfg = Debug|Any CPU
		{6E9DBA12-22DE-46E8-A98D-E74E62E54BAF}.Debug|x86.Build.0 = Debug|Any CPU
		{6E9DBA12-22DE-46E8-A98D-E74E62E54BAF}.Release|Any CPU.ActiveCfg = Release|Any CPU
		{6E9DBA12-22DE-46E8-A98D-E74E62E54BAF}.Release|Any CPU.Build.0 = Release|Any CPU
		{6E9DBA12-22DE-46E8-A98D-E74E62E54BAF}.Release|x64.ActiveCfg = Release|Any CPU
		{6E9DBA12-22DE-46E8-A98D-E74E62E54BAF}.Release|x64.Build.0 = Release|Any CPU
		{6E9DBA12-22DE-46E8-A98D-E74E62E54BAF}.Release|x86.ActiveCfg = Release|Any CPU
		{6E9DBA12-22DE-46E8-A98D-E74E62E54BAF}.Release|x86.Build.0 = Release|Any CPU
	EndGlobalSection
	GlobalSection(SolutionProperties) = preSolution
		HideSolutionNode = FALSE
	EndGlobalSection
	GlobalSection(NestedProjects) = preSolution
		{68A54FA4-3C04-9415-062D-AD51BBB8A93C} = {6C4D298B-81FB-2B6B-5AB6-46205EDDC72C}
		{79120EEE-0173-0DDB-4104-30360D423244} = {68A54FA4-3C04-9415-062D-AD51BBB8A93C}
		{5B4098B1-0D79-490D-AFD9-78BB417814C0} = {79120EEE-0173-0DDB-4104-30360D423244}
	EndGlobalSection
	GlobalSection(ExtensibilityGlobals) = postSolution
		SolutionGuid = {ECD4E5A3-5602-430B-8F45-C3E75F82637E}
	EndGlobalSection
EndGlobal
